
Microsoft Visual Studio Solution File, Format Version 12.00
# Visual Studio Version 16
VisualStudioVersion = 16.0.31019.35
MinimumVisualStudioVersion = 10.0.40219.1
Project("{FAE04EC0-301F-11D3-BF4B-00C04F79EFBC}") = "ORSAPR", "ORSAPR.csproj", "{2E550A36-9066-43CE-AE4F-EBD8DDF46450}"
EndProject
Project("{FAE04EC0-301F-11D3-BF4B-00C04F79EFBC}") = "KompasConnector", "..\CompasConnector\KompasConnector.csproj", "{30908144-B134-492C-884C-DB1CB3E41F67}"
EndProject
Project("{FAE04EC0-301F-11D3-BF4B-00C04F79EFBC}") = "ModelBuilder", "..\NightstandBuilder\ModelBuilder.csproj", "{9D750834-E0A3-40B7-9B9E-8041EEC520DA}"
EndProject
Project("{FAE04EC0-301F-11D3-BF4B-00C04F79EFBC}") = "ModelParameters", "..\NghtstandParameters\ModelParameters.csproj", "{25AB8005-AE20-4559-9869-A0DE504B2F24}"
EndProject
Project("{2150E333-8FDC-42A3-9474-1A3956D46DE8}") = "Solution Items", "Solution Items", "{B8A5DF38-288B-4501-8877-E70AA3D70354}"
	ProjectSection(SolutionItems) = preProject
		.editorconfig = .editorconfig
	EndProjectSection
EndProject
Global
	GlobalSection(SolutionConfigurationPlatforms) = preSolution
		Debug|Any CPU = Debug|Any CPU
		Release|Any CPU = Release|Any CPU
	EndGlobalSection
	GlobalSection(ProjectConfigurationPlatforms) = postSolution
		{2E550A36-9066-43CE-AE4F-EBD8DDF46450}.Debug|Any CPU.ActiveCfg = Debug|Any CPU
		{2E550A36-9066-43CE-AE4F-EBD8DDF46450}.Debug|Any CPU.Build.0 = Debug|Any CPU
		{2E550A36-9066-43CE-AE4F-EBD8DDF46450}.Release|Any CPU.ActiveCfg = Release|Any CPU
		{2E550A36-9066-43CE-AE4F-EBD8DDF46450}.Release|Any CPU.Build.0 = Release|Any CPU
		{30908144-B134-492C-884C-DB1CB3E41F67}.Debug|Any CPU.ActiveCfg = Debug|Any CPU
		{30908144-B134-492C-884C-DB1CB3E41F67}.Debug|Any CPU.Build.0 = Debug|Any CPU
		{30908144-B134-492C-884C-DB1CB3E41F67}.Release|Any CPU.ActiveCfg = Release|Any CPU
		{30908144-B134-492C-884C-DB1CB3E41F67}.Release|Any CPU.Build.0 = Release|Any CPU
		{9D750834-E0A3-40B7-9B9E-8041EEC520DA}.Debug|Any CPU.ActiveCfg = Debug|Any CPU
		{9D750834-E0A3-40B7-9B9E-8041EEC520DA}.Debug|Any CPU.Build.0 = Debug|Any CPU
		{9D750834-E0A3-40B7-9B9E-8041EEC520DA}.Release|Any CPU.ActiveCfg = Release|Any CPU
		{9D750834-E0A3-40B7-9B9E-8041EEC520DA}.Release|Any CPU.Build.0 = Release|Any CPU
		{25AB8005-AE20-4559-9869-A0DE504B2F24}.Debug|Any CPU.ActiveCfg = Debug|Any CPU
		{25AB8005-AE20-4559-9869-A0DE504B2F24}.Debug|Any CPU.Build.0 = Debug|Any CPU
		{25AB8005-AE20-4559-9869-A0DE504B2F24}.Release|Any CPU.ActiveCfg = Release|Any CPU
		{25AB8005-AE20-4559-9869-A0DE504B2F24}.Release|Any CPU.Build.0 = Release|Any CPU
	EndGlobalSection
	GlobalSection(SolutionProperties) = preSolution
		HideSolutionNode = FALSE
	EndGlobalSection
	GlobalSection(ExtensibilityGlobals) = postSolution
		SolutionGuid = {85AE1671-44E1-40EB-AF50-11A9F8FA863F}
	EndGlobalSection
EndGlobal
