
Microsoft Visual Studio Solution File, Format Version 12.00
# Visual Studio Version 16
VisualStudioVersion = 16.0.31112.23
MinimumVisualStudioVersion = 10.0.40219.1
Project("{FAE04EC0-301F-11D3-BF4B-00C04F79EFBC}") = "TablePlugin.Forms", "TablePlugin.Forms\TablePlugin.Forms.csproj", "{10BFB98B-733A-42CF-9BB5-695E971FEC0C}"
	ProjectSection(ProjectDependencies) = postProject
		{96D43873-A8AD-48E2-9F86-9D2A008B6AC5} = {96D43873-A8AD-48E2-9F86-9D2A008B6AC5}
	EndProjectSection
EndProject
Project("{FAE04EC0-301F-11D3-BF4B-00C04F79EFBC}") = "TablePlugin.BLL", "TablePlugin.BLL\TablePlugin.BLL.csproj", "{96D43873-A8AD-48E2-9F86-9D2A008B6AC5}"
EndProject
Global
	GlobalSection(SolutionConfigurationPlatforms) = preSolution
		Debug|Any CPU = Debug|Any CPU
		Release|Any CPU = Release|Any CPU
	EndGlobalSection
	GlobalSection(ProjectConfigurationPlatforms) = postSolution
		{10BFB98B-733A-42CF-9BB5-695E971FEC0C}.Debug|Any CPU.ActiveCfg = Debug|Any CPU
		{10BFB98B-733A-42CF-9BB5-695E971FEC0C}.Debug|Any CPU.Build.0 = Debug|Any CPU
		{10BFB98B-733A-42CF-9BB5-695E971FEC0C}.Release|Any CPU.ActiveCfg = Release|Any CPU
		{10BFB98B-733A-42CF-9BB5-695E971FEC0C}.Release|Any CPU.Build.0 = Release|Any CPU
		{96D43873-A8AD-48E2-9F86-9D2A008B6AC5}.Debug|Any CPU.ActiveCfg = Debug|Any CPU
		{96D43873-A8AD-48E2-9F86-9D2A008B6AC5}.Debug|Any CPU.Build.0 = Debug|Any CPU
		{96D43873-A8AD-48E2-9F86-9D2A008B6AC5}.Release|Any CPU.ActiveCfg = Release|Any CPU
		{96D43873-A8AD-48E2-9F86-9D2A008B6AC5}.Release|Any CPU.Build.0 = Release|Any CPU
	EndGlobalSection
	GlobalSection(SolutionProperties) = preSolution
		HideSolutionNode = FALSE
	EndGlobalSection
	GlobalSection(ExtensibilityGlobals) = postSolution
		SolutionGuid = {1AF15975-1DFA-43C8-8763-B692F4044852}
	EndGlobalSection
EndGlobal
